
Microsoft Visual Studio Solution File, Format Version 12.00
# Visual Studio Version 17
VisualStudioVersion = 17.1.32210.238
MinimumVisualStudioVersion = 10.0.40219.1
Project("{9A19103F-16F7-4668-BE54-9A1E7A4F7556}") = "MPEI_Reminder.WEB", "MPEI_Reminder.WEB\MPEI_Reminder.WEB.csproj", "{D54EE1D4-A884-4428-AADC-8B89BB7E19F9}"
EndProject
Project("{9A19103F-16F7-4668-BE54-9A1E7A4F7556}") = "MessageSender.DAL", "MessageSender.DAL\MessageSender.DAL.csproj", "{07C198CA-5234-4454-B4FC-1B66879F5132}"
EndProject
Project("{FAE04EC0-301F-11D3-BF4B-00C04F79EFBC}") = "MPEI_Reminder.BLL", "MPEI_Reminder.BLL\MPEI_Reminder.BLL.csproj", "{8D575760-2F2C-425D-ACAD-C83236E95E78}"
	ProjectSection(ProjectDependencies) = postProject
		{07C198CA-5234-4454-B4FC-1B66879F5132} = {07C198CA-5234-4454-B4FC-1B66879F5132}
	EndProjectSection
EndProject
Global
	GlobalSection(SolutionConfigurationPlatforms) = preSolution
		Debug|Any CPU = Debug|Any CPU
		Release|Any CPU = Release|Any CPU
	EndGlobalSection
	GlobalSection(ProjectConfigurationPlatforms) = postSolution
		{D54EE1D4-A884-4428-AADC-8B89BB7E19F9}.Debug|Any CPU.ActiveCfg = Debug|Any CPU
		{D54EE1D4-A884-4428-AADC-8B89BB7E19F9}.Debug|Any CPU.Build.0 = Debug|Any CPU
		{D54EE1D4-A884-4428-AADC-8B89BB7E19F9}.Release|Any CPU.ActiveCfg = Release|Any CPU
		{D54EE1D4-A884-4428-AADC-8B89BB7E19F9}.Release|Any CPU.Build.0 = Release|Any CPU
		{07C198CA-5234-4454-B4FC-1B66879F5132}.Debug|Any CPU.ActiveCfg = Debug|Any CPU
		{07C198CA-5234-4454-B4FC-1B66879F5132}.Debug|Any CPU.Build.0 = Debug|Any CPU
		{07C198CA-5234-4454-B4FC-1B66879F5132}.Release|Any CPU.ActiveCfg = Release|Any CPU
		{07C198CA-5234-4454-B4FC-1B66879F5132}.Release|Any CPU.Build.0 = Release|Any CPU
		{8D575760-2F2C-425D-ACAD-C83236E95E78}.Debug|Any CPU.ActiveCfg = Debug|Any CPU
		{8D575760-2F2C-425D-ACAD-C83236E95E78}.Debug|Any CPU.Build.0 = Debug|Any CPU
		{8D575760-2F2C-425D-ACAD-C83236E95E78}.Release|Any CPU.ActiveCfg = Release|Any CPU
		{8D575760-2F2C-425D-ACAD-C83236E95E78}.Release|Any CPU.Build.0 = Release|Any CPU
	EndGlobalSection
	GlobalSection(SolutionProperties) = preSolution
		HideSolutionNode = FALSE
	EndGlobalSection
	GlobalSection(ExtensibilityGlobals) = postSolution
		SolutionGuid = {740B861C-68F5-454B-B603-E9562C5B90BD}
	EndGlobalSection
EndGlobal
